// !$*UTF8*$!
{
	archiveVersion = 1;
	classes = {
	};
	objectVersion = 50;
	objects = {

/* Begin PBXBuildFile section */
		4CB4F2D020CA8A3600B40B82 /* AppDelegate.m in Sources */ = {isa = PBXBuildFile; fileRef = 4CB4F2CF20CA8A3600B40B82 /* AppDelegate.m */; };
		4CB4F2D320CA8A3600B40B82 /* ViewController.m in Sources */ = {isa = PBXBuildFile; fileRef = 4CB4F2D220CA8A3600B40B82 /* ViewController.m */; };
		4CB4F2D620CA8A3600B40B82 /* Main.storyboard in Resources */ = {isa = PBXBuildFile; fileRef = 4CB4F2D420CA8A3600B40B82 /* Main.storyboard */; };
		4CB4F2D820CA8A3600B40B82 /* Assets.xcassets in Resources */ = {isa = PBXBuildFile; fileRef = 4CB4F2D720CA8A3600B40B82 /* Assets.xcassets */; };
		4CB4F2DB20CA8A3600B40B82 /* LaunchScreen.storyboard in Resources */ = {isa = PBXBuildFile; fileRef = 4CB4F2D920CA8A3600B40B82 /* LaunchScreen.storyboard */; };
		4CB4F2DE20CA8A3600B40B82 /* main.m in Sources */ = {isa = PBXBuildFile; fileRef = 4CB4F2DD20CA8A3600B40B82 /* main.m */; };
		4CB4F2EA20CA8AF900B40B82 /* UIView+PlaceholderView.m in Sources */ = {isa = PBXBuildFile; fileRef = 4CB4F2E520CA8AF900B40B82 /* UIView+PlaceholderView.m */; };
		4CB4F2EB20CA8AF900B40B82 /* 无商品.png in Resources */ = {isa = PBXBuildFile; fileRef = 4CB4F2E620CA8AF900B40B82 /* 无商品.png */; };
		4CB4F2EC20CA8AF900B40B82 /* 无网.png in Resources */ = {isa = PBXBuildFile; fileRef = 4CB4F2E720CA8AF900B40B82 /* 无网.png */; };
		4CB4F2ED20CA8AF900B40B82 /* 沙发.png in Resources */ = {isa = PBXBuildFile; fileRef = 4CB4F2E920CA8AF900B40B82 /* 沙发.png */; };
		4CB4F2EF20CA8F3100B40B82 /* 111.png in Resources */ = {isa = PBXBuildFile; fileRef = 4CB4F2EE20CA8F3100B40B82 /* 111.png */; };
		6D09464DAD3EC304422DAE38 /* libPods-CX_PlaceholerView.a in Frameworks */ = {isa = PBXBuildFile; fileRef = 2164D059EB7DEA214AE6689D /* libPods-CX_PlaceholerView.a */; };
/* End PBXBuildFile section */

/* Begin PBXFileReference section */
		2164D059EB7DEA214AE6689D /* libPods-CX_PlaceholerView.a */ = {isa = PBXFileReference; explicitFileType = archive.ar; includeInIndex = 0; path = "libPods-CX_PlaceholerView.a"; sourceTree = BUILT_PRODUCTS_DIR; };
		4CB4F2CB20CA8A3600B40B82 /* CX_PlaceholerView.app */ = {isa = PBXFileReference; explicitFileType = wrapper.application; includeInIndex = 0; path = CX_PlaceholerView.app; sourceTree = BUILT_PRODUCTS_DIR; };
		4CB4F2CE20CA8A3600B40B82 /* AppDelegate.h */ = {isa = PBXFileReference; lastKnownFileType = sourcecode.c.h; path = AppDelegate.h; sourceTree = "<group>"; };
		4CB4F2CF20CA8A3600B40B82 /* AppDelegate.m */ = {isa = PBXFileReference; lastKnownFileType = sourcecode.c.objc; path = AppDelegate.m; sourceTree = "<group>"; };
		4CB4F2D120CA8A3600B40B82 /* ViewController.h */ = {isa = PBXFileReference; lastKnownFileType = sourcecode.c.h; path = ViewController.h; sourceTree = "<group>"; };
		4CB4F2D220CA8A3600B40B82 /* ViewController.m */ = {isa = PBXFileReference; lastKnownFileType = sourcecode.c.objc; path = ViewController.m; sourceTree = "<group>"; };
		4CB4F2D520CA8A3600B40B82 /* Base */ = {isa = PBXFileReference; lastKnownFileType = file.storyboard; name = Base; path = Base.lproj/Main.storyboard; sourceTree = "<group>"; };
		4CB4F2D720CA8A3600B40B82 /* Assets.xcassets */ = {isa = PBXFileReference; lastKnownFileType = folder.assetcatalog; path = Assets.xcassets; sourceTree = "<group>"; };
		4CB4F2DA20CA8A3600B40B82 /* Base */ = {isa = PBXFileReference; lastKnownFileType = file.storyboard; name = Base; path = Base.lproj/LaunchScreen.storyboard; sourceTree = "<group>"; };
		4CB4F2DC20CA8A3600B40B82 /* Info.plist */ = {isa = PBXFileReference; lastKnownFileType = text.plist.xml; path = Info.plist; sourceTree = "<group>"; };
		4CB4F2DD20CA8A3600B40B82 /* main.m */ = {isa = PBXFileReference; lastKnownFileType = sourcecode.c.objc; path = main.m; sourceTree = "<group>"; };
		4CB4F2E520CA8AF900B40B82 /* UIView+PlaceholderView.m */ = {isa = PBXFileReference; fileEncoding = 4; lastKnownFileType = sourcecode.c.objc; path = "UIView+PlaceholderView.m"; sourceTree = "<group>"; };
		4CB4F2E620CA8AF900B40B82 /* 无商品.png */ = {isa = PBXFileReference; lastKnownFileType = image.png; path = "无商品.png"; sourceTree = "<group>"; };
		4CB4F2E720CA8AF900B40B82 /* 无网.png */ = {isa = PBXFileReference; lastKnownFileType = image.png; path = "无网.png"; sourceTree = "<group>"; };
		4CB4F2E820CA8AF900B40B82 /* UIView+PlaceholderView.h */ = {isa = PBXFileReference; fileEncoding = 4; lastKnownFileType = sourcecode.c.h; path = "UIView+PlaceholderView.h"; sourceTree = "<group>"; };
		4CB4F2E920CA8AF900B40B82 /* 沙发.png */ = {isa = PBXFileReference; lastKnownFileType = image.png; path = "沙发.png"; sourceTree = "<group>"; };
		4CB4F2EE20CA8F3100B40B82 /* 111.png */ = {isa = PBXFileReference; lastKnownFileType = image.png; path = 111.png; sourceTree = "<group>"; };
		AC8963581C5D42E6D8F733B1 /* Pods-CX_PlaceholerView.debug.xcconfig */ = {isa = PBXFileReference; includeInIndex = 1; lastKnownFileType = text.xcconfig; name = "Pods-CX_PlaceholerView.debug.xcconfig"; path = "Pods/Target Support Files/Pods-CX_PlaceholerView/Pods-CX_PlaceholerView.debug.xcconfig"; sourceTree = "<group>"; };
		EF584BF79DC1B402ECB0A325 /* Pods-CX_PlaceholerView.release.xcconfig */ = {isa = PBXFileReference; includeInIndex = 1; lastKnownFileType = text.xcconfig; name = "Pods-CX_PlaceholerView.release.xcconfig"; path = "Pods/Target Support Files/Pods-CX_PlaceholerView/Pods-CX_PlaceholerView.release.xcconfig"; sourceTree = "<group>"; };
/* End PBXFileReference section */

/* Begin PBXFrameworksBuildPhase section */
		4CB4F2C820CA8A3600B40B82 /* Frameworks */ = {
			isa = PBXFrameworksBuildPhase;
			buildActionMask = 2147483647;
			files = (
				6D09464DAD3EC304422DAE38 /* libPods-CX_PlaceholerView.a in Frameworks */,
			);
			runOnlyForDeploymentPostprocessing = 0;
		};
/* End PBXFrameworksBuildPhase section */

/* Begin PBXGroup section */
		05B1C0F939D332999DF2D3C3 /* Frameworks */ = {
			isa = PBXGroup;
			children = (
				2164D059EB7DEA214AE6689D /* libPods-CX_PlaceholerView.a */,
			);
			name = Frameworks;
			sourceTree = "<group>";
		};
		4CB4F2C220CA8A3600B40B82 = {
			isa = PBXGroup;
			children = (
				4CB4F2E420CA8AF900B40B82 /* UIViewPlaceholderView */,
				4CB4F2CD20CA8A3600B40B82 /* CX_PlaceholerView */,
				4CB4F2CC20CA8A3600B40B82 /* Products */,
				DA6B6D8584AA807BDC46360F /* Pods */,
				05B1C0F939D332999DF2D3C3 /* Frameworks */,
			);
			sourceTree = "<group>";
		};
		4CB4F2CC20CA8A3600B40B82 /* Products */ = {
			isa = PBXGroup;
			children = (
				4CB4F2CB20CA8A3600B40B82 /* CX_PlaceholerView.app */,
			);
			name = Products;
			sourceTree = "<group>";
		};
		4CB4F2CD20CA8A3600B40B82 /* CX_PlaceholerView */ = {
			isa = PBXGroup;
			children = (
				4CB4F2CE20CA8A3600B40B82 /* AppDelegate.h */,
				4CB4F2CF20CA8A3600B40B82 /* AppDelegate.m */,
				4CB4F2D120CA8A3600B40B82 /* ViewController.h */,
				4CB4F2D220CA8A3600B40B82 /* ViewController.m */,
				4CB4F2D420CA8A3600B40B82 /* Main.storyboard */,
				4CB4F2D720CA8A3600B40B82 /* Assets.xcassets */,
				4CB4F2D920CA8A3600B40B82 /* LaunchScreen.storyboard */,
				4CB4F2DC20CA8A3600B40B82 /* Info.plist */,
				4CB4F2DD20CA8A3600B40B82 /* main.m */,
			);
			path = CX_PlaceholerView;
			sourceTree = "<group>";
		};
		4CB4F2E420CA8AF900B40B82 /* UIViewPlaceholderView */ = {
			isa = PBXGroup;
			children = (
				4CB4F2EE20CA8F3100B40B82 /* 111.png */,
				4CB4F2E920CA8AF900B40B82 /* 沙发.png */,
				4CB4F2E620CA8AF900B40B82 /* 无商品.png */,
				4CB4F2E720CA8AF900B40B82 /* 无网.png */,
				4CB4F2E820CA8AF900B40B82 /* UIView+PlaceholderView.h */,
				4CB4F2E520CA8AF900B40B82 /* UIView+PlaceholderView.m */,
			);
			path = UIViewPlaceholderView;
			sourceTree = "<group>";
		};
		DA6B6D8584AA807BDC46360F /* Pods */ = {
			isa = PBXGroup;
			children = (
				AC8963581C5D42E6D8F733B1 /* Pods-CX_PlaceholerView.debug.xcconfig */,
				EF584BF79DC1B402ECB0A325 /* Pods-CX_PlaceholerView.release.xcconfig */,
			);
			name = Pods;
			sourceTree = "<group>";
		};
/* End PBXGroup section */

/* Begin PBXNativeTarget section */
		4CB4F2CA20CA8A3600B40B82 /* CX_PlaceholerView */ = {
			isa = PBXNativeTarget;
			buildConfigurationList = 4CB4F2E120CA8A3600B40B82 /* Build configuration list for PBXNativeTarget "CX_PlaceholerView" */;
			buildPhases = (
				19C5C40307E49D9FD515010B /* [CP] Check Pods Manifest.lock */,
				4CB4F2C720CA8A3600B40B82 /* Sources */,
				4CB4F2C820CA8A3600B40B82 /* Frameworks */,
				4CB4F2C920CA8A3600B40B82 /* Resources */,
				AA4502310C562252FB603BDF /* [CP] Embed Pods Frameworks */,
				AF8FF298077176CD561E4682 /* [CP] Copy Pods Resources */,
			);
			buildRules = (
			);
			dependencies = (
			);
			name = CX_PlaceholerView;
			productName = CX_PlaceholerView;
			productReference = 4CB4F2CB20CA8A3600B40B82 /* CX_PlaceholerView.app */;
			productType = "com.apple.product-type.application";
		};
/* End PBXNativeTarget section */

/* Begin PBXProject section */
		4CB4F2C320CA8A3600B40B82 /* Project object */ = {
			isa = PBXProject;
			attributes = {
				LastUpgradeCheck = 0940;
				ORGANIZATIONNAME = "Cyn Van";
				TargetAttributes = {
					4CB4F2CA20CA8A3600B40B82 = {
						CreatedOnToolsVersion = 9.4;
					};
				};
			};
			buildConfigurationList = 4CB4F2C620CA8A3600B40B82 /* Build configuration list for PBXProject "CX_PlaceholerView" */;
			compatibilityVersion = "Xcode 9.3";
			developmentRegion = en;
			hasScannedForEncodings = 0;
			knownRegions = (
				en,
				Base,
			);
			mainGroup = 4CB4F2C220CA8A3600B40B82;
			productRefGroup = 4CB4F2CC20CA8A3600B40B82 /* Products */;
			projectDirPath = "";
			projectRoot = "";
			targets = (
				4CB4F2CA20CA8A3600B40B82 /* CX_PlaceholerView */,
			);
		};
/* End PBXProject section */

/* Begin PBXResourcesBuildPhase section */
		4CB4F2C920CA8A3600B40B82 /* Resources */ = {
			isa = PBXResourcesBuildPhase;
			buildActionMask = 2147483647;
			files = (
				4CB4F2EC20CA8AF900B40B82 /* 无网.png in Resources */,
				4CB4F2EF20CA8F3100B40B82 /* 111.png in Resources */,
				4CB4F2ED20CA8AF900B40B82 /* 沙发.png in Resources */,
				4CB4F2DB20CA8A3600B40B82 /* LaunchScreen.storyboard in Resources */,
				4CB4F2EB20CA8AF900B40B82 /* 无商品.png in Resources */,
				4CB4F2D820CA8A3600B40B82 /* Assets.xcassets in Resources */,
				4CB4F2D620CA8A3600B40B82 /* Main.storyboard in Resources */,
			);
			runOnlyForDeploymentPostprocessing = 0;
		};
/* End PBXResourcesBuildPhase section */

/* Begin PBXShellScriptBuildPhase section */
		19C5C40307E49D9FD515010B /* [CP] Check Pods Manifest.lock */ = {
			isa = PBXShellScriptBuildPhase;
			buildActionMask = 2147483647;
			files = (
			);
			inputPaths = (
				"${PODS_PODFILE_DIR_PATH}/Podfile.lock",
				"${PODS_ROOT}/Manifest.lock",
			);
			name = "[CP] Check Pods Manifest.lock";
			outputPaths = (
				"$(DERIVED_FILE_DIR)/Pods-CX_PlaceholerView-checkManifestLockResult.txt",
			);
			runOnlyForDeploymentPostprocessing = 0;
			shellPath = /bin/sh;
			shellScript = "diff \"${PODS_PODFILE_DIR_PATH}/Podfile.lock\" \"${PODS_ROOT}/Manifest.lock\" > /dev/null\nif [ $? != 0 ] ; then\n    # print error to STDERR\n    echo \"error: The sandbox is not in sync with the Podfile.lock. Run 'pod install' or update your CocoaPods installation.\" >&2\n    exit 1\nfi\n# This output is used by Xcode 'outputs' to avoid re-running this script phase.\necho \"SUCCESS\" > \"${SCRIPT_OUTPUT_FILE_0}\"\n";
			showEnvVarsInLog = 0;
		};
		AA4502310C562252FB603BDF /* [CP] Embed Pods Frameworks */ = {
			isa = PBXShellScriptBuildPhase;
			buildActionMask = 2147483647;
			files = (
			);
			inputPaths = (
			);
			name = "[CP] Embed Pods Frameworks";
			outputPaths = (
			);
			runOnlyForDeploymentPostprocessing = 0;
			shellPath = /bin/sh;
			shellScript = "\"${SRCROOT}/Pods/Target Support Files/Pods-CX_PlaceholerView/Pods-CX_PlaceholerView-frameworks.sh\"\n";
			showEnvVarsInLog = 0;
		};
		AF8FF298077176CD561E4682 /* [CP] Copy Pods Resources */ = {
			isa = PBXShellScriptBuildPhase;
			buildActionMask = 2147483647;
			files = (
			);
			inputPaths = (
				"${SRCROOT}/Pods/Target Support Files/Pods-CX_PlaceholerView/Pods-CX_PlaceholerView-resources.sh",
				"${PODS_ROOT}/SVProgressHUD/SVProgressHUD/SVProgressHUD.bundle",
			);
			name = "[CP] Copy Pods Resources";
			outputPaths = (
				"${TARGET_BUILD_DIR}/${UNLOCALIZED_RESOURCES_FOLDER_PATH}",
			);
			runOnlyForDeploymentPostprocessing = 0;
			shellPath = /bin/sh;
			shellScript = "\"${SRCROOT}/Pods/Target Support Files/Pods-CX_PlaceholerView/Pods-CX_PlaceholerView-resources.sh\"\n";
			showEnvVarsInLog = 0;
		};
/* End PBXShellScriptBuildPhase section */

/* Begin PBXSourcesBuildPhase section */
		4CB4F2C720CA8A3600B40B82 /* Sources */ = {
			isa = PBXSourcesBuildPhase;
			buildActionMask = 2147483647;
			files = (
				4CB4F2D320CA8A3600B40B82 /* ViewController.m in Sources */,
				4CB4F2EA20CA8AF900B40B82 /* UIView+PlaceholderView.m in Sources */,
				4CB4F2DE20CA8A3600B40B82 /* main.m in Sources */,
				4CB4F2D020CA8A3600B40B82 /* AppDelegate.m in Sources */,
			);
			runOnlyForDeploymentPostprocessing = 0;
		};
/* End PBXSourcesBuildPhase section */

/* Begin PBXVariantGroup section */
		4CB4F2D420CA8A3600B40B82 /* Main.storyboard */ = {
			isa = PBXVariantGroup;
			children = (
				4CB4F2D520CA8A3600B40B82 /* Base */,
			);
			name = Main.storyboard;
			sourceTree = "<group>";
		};
		4CB4F2D920CA8A3600B40B82 /* LaunchScreen.storyboard */ = {
			isa = PBXVariantGroup;
			children = (
				4CB4F2DA20CA8A3600B40B82 /* Base */,
			);
			name = LaunchScreen.storyboard;
			sourceTree = "<group>";
		};
/* End PBXVariantGroup section */

/* Begin XCBuildConfiguration section */
		4CB4F2DF20CA8A3600B40B82 /* Debug */ = {
			isa = XCBuildConfiguration;
			buildSettings = {
				ALWAYS_SEARCH_USER_PATHS = NO;
				CLANG_ANALYZER_NONNULL = YES;
				CLANG_ANALYZER_NUMBER_OBJECT_CONVERSION = YES_AGGRESSIVE;
				CLANG_CXX_LANGUAGE_STANDARD = "gnu++14";
				CLANG_CXX_LIBRARY = "libc++";
				CLANG_ENABLE_MODULES = YES;
				CLANG_ENABLE_OBJC_ARC = YES;
				CLANG_ENABLE_OBJC_WEAK = YES;
				CLANG_WARN_BLOCK_CAPTURE_AUTORELEASING = YES;
				CLANG_WARN_BOOL_CONVERSION = YES;
				CLANG_WARN_COMMA = YES;
				CLANG_WARN_CONSTANT_CONVERSION = YES;
				CLANG_WARN_DEPRECATED_OBJC_IMPLEMENTATIONS = YES;
				CLANG_WARN_DIRECT_OBJC_ISA_USAGE = YES_ERROR;
				CLANG_WARN_DOCUMENTATION_COMMENTS = YES;
				CLANG_WARN_EMPTY_BODY = YES;
				CLANG_WARN_ENUM_CONVERSION = YES;
				CLANG_WARN_INFINITE_RECURSION = YES;
				CLANG_WARN_INT_CONVERSION = YES;
				CLANG_WARN_NON_LITERAL_NULL_CONVERSION = YES;
				CLANG_WARN_OBJC_IMPLICIT_RETAIN_SELF = YES;
				CLANG_WARN_OBJC_LITERAL_CONVERSION = YES;
				CLANG_WARN_OBJC_ROOT_CLASS = YES_ERROR;
				CLANG_WARN_RANGE_LOOP_ANALYSIS = YES;
				CLANG_WARN_STRICT_PROTOTYPES = YES;
				CLANG_WARN_SUSPICIOUS_MOVE = YES;
				CLANG_WARN_UNGUARDED_AVAILABILITY = YES_AGGRESSIVE;
				CLANG_WARN_UNREACHABLE_CODE = YES;
				CLANG_WARN__DUPLICATE_METHOD_MATCH = YES;
				CODE_SIGN_IDENTITY = "iPhone Developer";
				COPY_PHASE_STRIP = NO;
				DEBUG_INFORMATION_FORMAT = dwarf;
				ENABLE_STRICT_OBJC_MSGSEND = YES;
				ENABLE_TESTABILITY = YES;
				GCC_C_LANGUAGE_STANDARD = gnu11;
				GCC_DYNAMIC_NO_PIC = NO;
				GCC_NO_COMMON_BLOCKS = YES;
				GCC_OPTIMIZATION_LEVEL = 0;
				GCC_PREPROCESSOR_DEFINITIONS = (
					"DEBUG=1",
					"$(inherited)",
				);
				GCC_WARN_64_TO_32_BIT_CONVERSION = YES;
				GCC_WARN_ABOUT_RETURN_TYPE = YES_ERROR;
				GCC_WARN_UNDECLARED_SELECTOR = YES;
				GCC_WARN_UNINITIALIZED_AUTOS = YES_AGGRESSIVE;
				GCC_WARN_UNUSED_FUNCTION = YES;
				GCC_WARN_UNUSED_VARIABLE = YES;
				IPHONEOS_DEPLOYMENT_TARGET = 11.4;
				MTL_ENABLE_DEBUG_INFO = YES;
				ONLY_ACTIVE_ARCH = YES;
				SDKROOT = iphoneos;
			};
			name = Debug;
		};
		4CB4F2E020CA8A3600B40B82 /* Release */ = {
			isa = XCBuildConfiguration;
			buildSettings = {
				ALWAYS_SEARCH_USER_PATHS = NO;
				CLANG_ANALYZER_NONNULL = YES;
				CLANG_ANALYZER_NUMBER_OBJECT_CONVERSION = YES_AGGRESSIVE;
				CLANG_CXX_LANGUAGE_STANDARD = "gnu++14";
				CLANG_CXX_LIBRARY = "libc++";
				CLANG_ENABLE_MODULES = YES;
				CLANG_ENABLE_OBJC_ARC = YES;
				CLANG_ENABLE_OBJC_WEAK = YES;
				CLANG_WARN_BLOCK_CAPTURE_AUTORELEASING = YES;
				CLANG_WARN_BOOL_CONVERSION = YES;
				CLANG_WARN_COMMA = YES;
				CLANG_WARN_CONSTANT_CONVERSION = YES;
				CLANG_WARN_DEPRECATED_OBJC_IMPLEMENTATIONS = YES;
				CLANG_WARN_DIRECT_OBJC_ISA_USAGE = YES_ERROR;
				CLANG_WARN_DOCUMENTATION_COMMENTS = YES;
				CLANG_WARN_EMPTY_BODY = YES;
				CLANG_WARN_ENUM_CONVERSION = YES;
				CLANG_WARN_INFINITE_RECURSION = YES;
				CLANG_WARN_INT_CONVERSION = YES;
				CLANG_WARN_NON_LITERAL_NULL_CONVERSION = YES;
				CLANG_WARN_OBJC_IMPLICIT_RETAIN_SELF = YES;
				CLANG_WARN_OBJC_LITERAL_CONVERSION = YES;
				CLANG_WARN_OBJC_ROOT_CLASS = YES_ERROR;
				CLANG_WARN_RANGE_LOOP_ANALYSIS = YES;
				CLANG_WARN_STRICT_PROTOTYPES = YES;
				CLANG_WARN_SUSPICIOUS_MOVE = YES;
				CLANG_WARN_UNGUARDED_AVAILABILITY = YES_AGGRESSIVE;
				CLANG_WARN_UNREACHABLE_CODE = YES;
				CLANG_WARN__DUPLICATE_METHOD_MATCH = YES;
				CODE_SIGN_IDENTITY = "iPhone Developer";
				COPY_PHASE_STRIP = NO;
				DEBUG_INFORMATION_FORMAT = "dwarf-with-dsym";
				ENABLE_NS_ASSERTIONS = NO;
				ENABLE_STRICT_OBJC_MSGSEND = YES;
				GCC_C_LANGUAGE_STANDARD = gnu11;
				GCC_NO_COMMON_BLOCKS = YES;
				GCC_WARN_64_TO_32_BIT_CONVERSION = YES;
				GCC_WARN_ABOUT_RETURN_TYPE = YES_ERROR;
				GCC_WARN_UNDECLARED_SELECTOR = YES;
				GCC_WARN_UNINITIALIZED_AUTOS = YES_AGGRESSIVE;
				GCC_WARN_UNUSED_FUNCTION = YES;
				GCC_WARN_UNUSED_VARIABLE = YES;
				IPHONEOS_DEPLOYMENT_TARGET = 11.4;
				MTL_ENABLE_DEBUG_INFO = NO;
				SDKROOT = iphoneos;
				VALIDATE_PRODUCT = YES;
			};
			name = Release;
		};
		4CB4F2E220CA8A3600B40B82 /* Debug */ = {
			isa = XCBuildConfiguration;
			baseConfigurationReference = AC8963581C5D42E6D8F733B1 /* Pods-CX_PlaceholerView.debug.xcconfig */;
			buildSettings = {
				ASSETCATALOG_COMPILER_APPICON_NAME = AppIcon;
				CODE_SIGN_STYLE = Automatic;
				DEVELOPMENT_TEAM = 4N4AMP88H6;
				INFOPLIST_FILE = CX_PlaceholerView/Info.plist;
				LD_RUNPATH_SEARCH_PATHS = (
					"$(inherited)",
					"@executable_path/Frameworks",
				);
				PRODUCT_BUNDLE_IDENTIFIER = "com.k.k.cyan.van.CX-PlaceholerView";
				PRODUCT_NAME = "$(TARGET_NAME)";
				TARGETED_DEVICE_FAMILY = "1,2";
			};
			name = Debug;
		};
		4CB4F2E320CA8A3600B40B82 /* Release */ = {
			isa = XCBuildConfiguration;
			baseConfigurationReference = EF584BF79DC1B402ECB0A325 /* Pods-CX_PlaceholerView.release.xcconfig */;
			buildSettings = {
				ASSETCATALOG_COMPILER_APPICON_NAME = AppIcon;
				CODE_SIGN_STYLE = Automatic;
				DEVELOPMENT_TEAM = 4N4AMP88H6;
				INFOPLIST_FILE = CX_PlaceholerView/Info.plist;
				LD_RUNPATH_SEARCH_PATHS = (
					"$(inherited)",
					"@executable_path/Frameworks",
				);
				PRODUCT_BUNDLE_IDENTIFIER = "com.k.k.cyan.van.CX-PlaceholerView";
				PRODUCT_NAME = "$(TARGET_NAME)";
				TARGETED_DEVICE_FAMILY = "1,2";
			};
			name = Release;
		};
/* End XCBuildConfiguration section */

/* Begin XCConfigurationList section */
		4CB4F2C620CA8A3600B40B82 /* Build configuration list for PBXProject "CX_PlaceholerView" */ = {
			isa = XCConfigurationList;
			buildConfigurations = (
				4CB4F2DF20CA8A3600B40B82 /* Debug */,
				4CB4F2E020CA8A3600B40B82 /* Release */,
			);
			defaultConfigurationIsVisible = 0;
			defaultConfigurationName = Release;
		};
		4CB4F2E120CA8A3600B40B82 /* Build configuration list for PBXNativeTarget "CX_PlaceholerView" */ = {
			isa = XCConfigurationList;
			buildConfigurations = (
				4CB4F2E220CA8A3600B40B82 /* Debug */,
				4CB4F2E320CA8A3600B40B82 /* Release */,
			);
			defaultConfigurationIsVisible = 0;
			defaultConfigurationName = Release;
		};
/* End XCConfigurationList section */
	};
	rootObject = 4CB4F2C320CA8A3600B40B82 /* Project object */;
}
